
Microsoft Visual Studio Solution File, Format Version 12.00
# Visual Studio 15
Project("{8BC9CEB8-8B4A-11D0-8D11-00A0C91BC942}") = "substance_framework", "substance_framework.vcxproj", "{263A4B11-5C62-317F-AE84-019BA26FED1F}"
EndProject
Project("{8BC9CEB8-8B4A-11D0-8D11-00A0C91BC942}") = "substance_framework_tutorials_common", "common\substance_framework_tutorials_common.vcxproj", "{16ED9AA9-C200-340D-AE2A-3F53DEBB8127}"
EndProject
Project("{8BC9CEB8-8B4A-11D0-8D11-00A0C91BC942}") = "tinyxml", "tinyxml.vcxproj", "{370AE762-C638-3EC3-89E9-13B712C641BF}"
EndProject
Project("{8BC9CEB8-8B4A-11D0-8D11-00A0C91BC942}") = "tutorial_00_basic", "00_basic\tutorial_00_basic.vcxproj", "{83BD64A7-A7B4-3D0B-80E6-509B02E4A8AA}"
	ProjectSection(ProjectDependencies) = postProject
		{263A4B11-5C62-317F-AE84-019BA26FED1F} = {263A4B11-5C62-317F-AE84-019BA26FED1F}
		{16ED9AA9-C200-340D-AE2A-3F53DEBB8127} = {16ED9AA9-C200-340D-AE2A-3F53DEBB8127}
		{370AE762-C638-3EC3-89E9-13B712C641BF} = {370AE762-C638-3EC3-89E9-13B712C641BF}
	EndProjectSection
EndProject
Project("{8BC9CEB8-8B4A-11D0-8D11-00A0C91BC942}") = "tutorial_01_outputoption", "01_outputoption\tutorial_01_outputoption.vcxproj", "{BF59C032-E11A-3865-98E9-94B660C27719}"
	ProjectSection(ProjectDependencies) = postProject
		{263A4B11-5C62-317F-AE84-019BA26FED1F} = {263A4B11-5C62-317F-AE84-019BA26FED1F}
		{16ED9AA9-C200-340D-AE2A-3F53DEBB8127} = {16ED9AA9-C200-340D-AE2A-3F53DEBB8127}
		{370AE762-C638-3EC3-89E9-13B712C641BF} = {370AE762-C638-3EC3-89E9-13B712C641BF}
	EndProjectSection
EndProject
Project("{8BC9CEB8-8B4A-11D0-8D11-00A0C91BC942}") = "tutorial_02_presets", "02_presets\tutorial_02_presets.vcxproj", "{D7B4EF2A-5C78-3F4A-B150-37F3FE33DB10}"
	ProjectSection(ProjectDependencies) = postProject
		{263A4B11-5C62-317F-AE84-019BA26FED1F} = {263A4B11-5C62-317F-AE84-019BA26FED1F}
		{16ED9AA9-C200-340D-AE2A-3F53DEBB8127} = {16ED9AA9-C200-340D-AE2A-3F53DEBB8127}
		{370AE762-C638-3EC3-89E9-13B712C641BF} = {370AE762-C638-3EC3-89E9-13B712C641BF}
	EndProjectSection
EndProject
Project("{8BC9CEB8-8B4A-11D0-8D11-00A0C91BC942}") = "tutorial_03_inputnumeric", "03_inputnumeric\tutorial_03_inputnumeric.vcxproj", "{79545C00-A2A8-3BB7-BBE5-BADD39CFB3C7}"
	ProjectSection(ProjectDependencies) = postProject
		{263A4B11-5C62-317F-AE84-019BA26FED1F} = {263A4B11-5C62-317F-AE84-019BA26FED1F}
		{16ED9AA9-C200-340D-AE2A-3F53DEBB8127} = {16ED9AA9-C200-340D-AE2A-3F53DEBB8127}
		{370AE762-C638-3EC3-89E9-13B712C641BF} = {370AE762-C638-3EC3-89E9-13B712C641BF}
	EndProjectSection
EndProject
Project("{8BC9CEB8-8B4A-11D0-8D11-00A0C91BC942}") = "tutorial_04_inputimage", "04_inputimage\tutorial_04_inputimage.vcxproj", "{88299FF5-E179-3E8A-93E2-E1AD0B1CAF42}"
	ProjectSection(ProjectDependencies) = postProject
		{263A4B11-5C62-317F-AE84-019BA26FED1F} = {263A4B11-5C62-317F-AE84-019BA26FED1F}
		{16ED9AA9-C200-340D-AE2A-3F53DEBB8127} = {16ED9AA9-C200-340D-AE2A-3F53DEBB8127}
		{370AE762-C638-3EC3-89E9-13B712C641BF} = {370AE762-C638-3EC3-89E9-13B712C641BF}
	EndProjectSection
EndProject
Project("{8BC9CEB8-8B4A-11D0-8D11-00A0C91BC942}") = "tutorial_05_postfilter", "05_postfilter\tutorial_05_postfilter.vcxproj", "{B879CFB1-DB23-3FCC-A628-643AFF140B57}"
	ProjectSection(ProjectDependencies) = postProject
		{263A4B11-5C62-317F-AE84-019BA26FED1F} = {263A4B11-5C62-317F-AE84-019BA26FED1F}
		{16ED9AA9-C200-340D-AE2A-3F53DEBB8127} = {16ED9AA9-C200-340D-AE2A-3F53DEBB8127}
		{370AE762-C638-3EC3-89E9-13B712C641BF} = {370AE762-C638-3EC3-89E9-13B712C641BF}
	EndProjectSection
EndProject
Project("{8BC9CEB8-8B4A-11D0-8D11-00A0C91BC942}") = "tutorial_06_asynch", "06_asynch\tutorial_06_asynch.vcxproj", "{08C73034-7D85-3A67-A174-9A2D9353CB17}"
	ProjectSection(ProjectDependencies) = postProject
		{263A4B11-5C62-317F-AE84-019BA26FED1F} = {263A4B11-5C62-317F-AE84-019BA26FED1F}
		{16ED9AA9-C200-340D-AE2A-3F53DEBB8127} = {16ED9AA9-C200-340D-AE2A-3F53DEBB8127}
		{370AE762-C638-3EC3-89E9-13B712C641BF} = {370AE762-C638-3EC3-89E9-13B712C641BF}
	EndProjectSection
EndProject
Project("{8BC9CEB8-8B4A-11D0-8D11-00A0C91BC942}") = "tutorial_07_forcethread", "07_forcethread\tutorial_07_forcethread.vcxproj", "{98B1E6A8-C281-3309-82D8-C8B48F4D82FD}"
	ProjectSection(ProjectDependencies) = postProject
		{263A4B11-5C62-317F-AE84-019BA26FED1F} = {263A4B11-5C62-317F-AE84-019BA26FED1F}
		{16ED9AA9-C200-340D-AE2A-3F53DEBB8127} = {16ED9AA9-C200-340D-AE2A-3F53DEBB8127}
		{370AE762-C638-3EC3-89E9-13B712C641BF} = {370AE762-C638-3EC3-89E9-13B712C641BF}
	EndProjectSection
EndProject
Project("{8BC9CEB8-8B4A-11D0-8D11-00A0C91BC942}") = "tutorial_08_peroutputformat", "08_peroutputformat\tutorial_08_peroutputformat.vcxproj", "{E446137B-F2DB-3B9E-ABCB-D6EE5D01645D}"
	ProjectSection(ProjectDependencies) = postProject
		{263A4B11-5C62-317F-AE84-019BA26FED1F} = {263A4B11-5C62-317F-AE84-019BA26FED1F}
		{16ED9AA9-C200-340D-AE2A-3F53DEBB8127} = {16ED9AA9-C200-340D-AE2A-3F53DEBB8127}
		{370AE762-C638-3EC3-89E9-13B712C641BF} = {370AE762-C638-3EC3-89E9-13B712C641BF}
	EndProjectSection
EndProject
Project("{8BC9CEB8-8B4A-11D0-8D11-00A0C91BC942}") = "tutorial_09_asynchcallback", "09_asynchcallback\tutorial_09_asynchcallback.vcxproj", "{BEDF9A84-D9C4-315A-B896-2FE120D3687D}"
	ProjectSection(ProjectDependencies) = postProject
		{263A4B11-5C62-317F-AE84-019BA26FED1F} = {263A4B11-5C62-317F-AE84-019BA26FED1F}
		{16ED9AA9-C200-340D-AE2A-3F53DEBB8127} = {16ED9AA9-C200-340D-AE2A-3F53DEBB8127}
		{370AE762-C638-3EC3-89E9-13B712C641BF} = {370AE762-C638-3EC3-89E9-13B712C641BF}
	EndProjectSection
EndProject
Global
	GlobalSection(SolutionConfigurationPlatforms) = preSolution
		Debug|x64 = Debug|x64
		Release|x64 = Release|x64
		MinSizeRel|x64 = MinSizeRel|x64
		RelWithDebInfo|x64 = RelWithDebInfo|x64
	EndGlobalSection
	GlobalSection(ProjectConfigurationPlatforms) = postSolution
		{263A4B11-5C62-317F-AE84-019BA26FED1F}.Debug|x64.ActiveCfg = Debug|x64
		{263A4B11-5C62-317F-AE84-019BA26FED1F}.Debug|x64.Build.0 = Debug|x64
		{263A4B11-5C62-317F-AE84-019BA26FED1F}.Release|x64.ActiveCfg = Release|x64
		{263A4B11-5C62-317F-AE84-019BA26FED1F}.Release|x64.Build.0 = Release|x64
		{263A4B11-5C62-317F-AE84-019BA26FED1F}.MinSizeRel|x64.ActiveCfg = MinSizeRel|x64
		{263A4B11-5C62-317F-AE84-019BA26FED1F}.MinSizeRel|x64.Build.0 = MinSizeRel|x64
		{263A4B11-5C62-317F-AE84-019BA26FED1F}.RelWithDebInfo|x64.ActiveCfg = RelWithDebInfo|x64
		{263A4B11-5C62-317F-AE84-019BA26FED1F}.RelWithDebInfo|x64.Build.0 = RelWithDebInfo|x64
		{16ED9AA9-C200-340D-AE2A-3F53DEBB8127}.Debug|x64.ActiveCfg = Debug|x64
		{16ED9AA9-C200-340D-AE2A-3F53DEBB8127}.Debug|x64.Build.0 = Debug|x64
		{16ED9AA9-C200-340D-AE2A-3F53DEBB8127}.Release|x64.ActiveCfg = Release|x64
		{16ED9AA9-C200-340D-AE2A-3F53DEBB8127}.Release|x64.Build.0 = Release|x64
		{16ED9AA9-C200-340D-AE2A-3F53DEBB8127}.MinSizeRel|x64.ActiveCfg = MinSizeRel|x64
		{16ED9AA9-C200-340D-AE2A-3F53DEBB8127}.MinSizeRel|x64.Build.0 = MinSizeRel|x64
		{16ED9AA9-C200-340D-AE2A-3F53DEBB8127}.RelWithDebInfo|x64.ActiveCfg = RelWithDebInfo|x64
		{16ED9AA9-C200-340D-AE2A-3F53DEBB8127}.RelWithDebInfo|x64.Build.0 = RelWithDebInfo|x64
		{370AE762-C638-3EC3-89E9-13B712C641BF}.Debug|x64.ActiveCfg = Debug|x64
		{370AE762-C638-3EC3-89E9-13B712C641BF}.Debug|x64.Build.0 = Debug|x64
		{370AE762-C638-3EC3-89E9-13B712C641BF}.Release|x64.ActiveCfg = Release|x64
		{370AE762-C638-3EC3-89E9-13B712C641BF}.Release|x64.Build.0 = Release|x64
		{370AE762-C638-3EC3-89E9-13B712C641BF}.MinSizeRel|x64.ActiveCfg = MinSizeRel|x64
		{370AE762-C638-3EC3-89E9-13B712C641BF}.MinSizeRel|x64.Build.0 = MinSizeRel|x64
		{370AE762-C638-3EC3-89E9-13B712C641BF}.RelWithDebInfo|x64.ActiveCfg = RelWithDebInfo|x64
		{370AE762-C638-3EC3-89E9-13B712C641BF}.RelWithDebInfo|x64.Build.0 = RelWithDebInfo|x64
		{83BD64A7-A7B4-3D0B-80E6-509B02E4A8AA}.Debug|x64.ActiveCfg = Debug|x64
		{83BD64A7-A7B4-3D0B-80E6-509B02E4A8AA}.Debug|x64.Build.0 = Debug|x64
		{83BD64A7-A7B4-3D0B-80E6-509B02E4A8AA}.Release|x64.ActiveCfg = Release|x64
		{83BD64A7-A7B4-3D0B-80E6-509B02E4A8AA}.Release|x64.Build.0 = Release|x64
		{83BD64A7-A7B4-3D0B-80E6-509B02E4A8AA}.MinSizeRel|x64.ActiveCfg = MinSizeRel|x64
		{83BD64A7-A7B4-3D0B-80E6-509B02E4A8AA}.MinSizeRel|x64.Build.0 = MinSizeRel|x64
		{83BD64A7-A7B4-3D0B-80E6-509B02E4A8AA}.RelWithDebInfo|x64.ActiveCfg = RelWithDebInfo|x64
		{83BD64A7-A7B4-3D0B-80E6-509B02E4A8AA}.RelWithDebInfo|x64.Build.0 = RelWithDebInfo|x64
		{BF59C032-E11A-3865-98E9-94B660C27719}.Debug|x64.ActiveCfg = Debug|x64
		{BF59C032-E11A-3865-98E9-94B660C27719}.Debug|x64.Build.0 = Debug|x64
		{BF59C032-E11A-3865-98E9-94B660C27719}.Release|x64.ActiveCfg = Release|x64
		{BF59C032-E11A-3865-98E9-94B660C27719}.Release|x64.Build.0 = Release|x64
		{BF59C032-E11A-3865-98E9-94B660C27719}.MinSizeRel|x64.ActiveCfg = MinSizeRel|x64
		{BF59C032-E11A-3865-98E9-94B660C27719}.MinSizeRel|x64.Build.0 = MinSizeRel|x64
		{BF59C032-E11A-3865-98E9-94B660C27719}.RelWithDebInfo|x64.ActiveCfg = RelWithDebInfo|x64
		{BF59C032-E11A-3865-98E9-94B660C27719}.RelWithDebInfo|x64.Build.0 = RelWithDebInfo|x64
		{D7B4EF2A-5C78-3F4A-B150-37F3FE33DB10}.Debug|x64.ActiveCfg = Debug|x64
		{D7B4EF2A-5C78-3F4A-B150-37F3FE33DB10}.Debug|x64.Build.0 = Debug|x64
		{D7B4EF2A-5C78-3F4A-B150-37F3FE33DB10}.Release|x64.ActiveCfg = Release|x64
		{D7B4EF2A-5C78-3F4A-B150-37F3FE33DB10}.Release|x64.Build.0 = Release|x64
		{D7B4EF2A-5C78-3F4A-B150-37F3FE33DB10}.MinSizeRel|x64.ActiveCfg = MinSizeRel|x64
		{D7B4EF2A-5C78-3F4A-B150-37F3FE33DB10}.MinSizeRel|x64.Build.0 = MinSizeRel|x64
		{D7B4EF2A-5C78-3F4A-B150-37F3FE33DB10}.RelWithDebInfo|x64.ActiveCfg = RelWithDebInfo|x64
		{D7B4EF2A-5C78-3F4A-B150-37F3FE33DB10}.RelWithDebInfo|x64.Build.0 = RelWithDebInfo|x64
		{79545C00-A2A8-3BB7-BBE5-BADD39CFB3C7}.Debug|x64.ActiveCfg = Debug|x64
		{79545C00-A2A8-3BB7-BBE5-BADD39CFB3C7}.Debug|x64.Build.0 = Debug|x64
		{79545C00-A2A8-3BB7-BBE5-BADD39CFB3C7}.Release|x64.ActiveCfg = Release|x64
		{79545C00-A2A8-3BB7-BBE5-BADD39CFB3C7}.Release|x64.Build.0 = Release|x64
		{79545C00-A2A8-3BB7-BBE5-BADD39CFB3C7}.MinSizeRel|x64.ActiveCfg = MinSizeRel|x64
		{79545C00-A2A8-3BB7-BBE5-BADD39CFB3C7}.MinSizeRel|x64.Build.0 = MinSizeRel|x64
		{79545C00-A2A8-3BB7-BBE5-BADD39CFB3C7}.RelWithDebInfo|x64.ActiveCfg = RelWithDebInfo|x64
		{79545C00-A2A8-3BB7-BBE5-BADD39CFB3C7}.RelWithDebInfo|x64.Build.0 = RelWithDebInfo|x64
		{88299FF5-E179-3E8A-93E2-E1AD0B1CAF42}.Debug|x64.ActiveCfg = Debug|x64
		{88299FF5-E179-3E8A-93E2-E1AD0B1CAF42}.Debug|x64.Build.0 = Debug|x64
		{88299FF5-E179-3E8A-93E2-E1AD0B1CAF42}.Release|x64.ActiveCfg = Release|x64
		{88299FF5-E179-3E8A-93E2-E1AD0B1CAF42}.Release|x64.Build.0 = Release|x64
		{88299FF5-E179-3E8A-93E2-E1AD0B1CAF42}.MinSizeRel|x64.ActiveCfg = MinSizeRel|x64
		{88299FF5-E179-3E8A-93E2-E1AD0B1CAF42}.MinSizeRel|x64.Build.0 = MinSizeRel|x64
		{88299FF5-E179-3E8A-93E2-E1AD0B1CAF42}.RelWithDebInfo|x64.ActiveCfg = RelWithDebInfo|x64
		{88299FF5-E179-3E8A-93E2-E1AD0B1CAF42}.RelWithDebInfo|x64.Build.0 = RelWithDebInfo|x64
		{B879CFB1-DB23-3FCC-A628-643AFF140B57}.Debug|x64.ActiveCfg = Debug|x64
		{B879CFB1-DB23-3FCC-A628-643AFF140B57}.Debug|x64.Build.0 = Debug|x64
		{B879CFB1-DB23-3FCC-A628-643AFF140B57}.Release|x64.ActiveCfg = Release|x64
		{B879CFB1-DB23-3FCC-A628-643AFF140B57}.Release|x64.Build.0 = Release|x64
		{B879CFB1-DB23-3FCC-A628-643AFF140B57}.MinSizeRel|x64.ActiveCfg = MinSizeRel|x64
		{B879CFB1-DB23-3FCC-A628-643AFF140B57}.MinSizeRel|x64.Build.0 = MinSizeRel|x64
		{B879CFB1-DB23-3FCC-A628-643AFF140B57}.RelWithDebInfo|x64.ActiveCfg = RelWithDebInfo|x64
		{B879CFB1-DB23-3FCC-A628-643AFF140B57}.RelWithDebInfo|x64.Build.0 = RelWithDebInfo|x64
		{08C73034-7D85-3A67-A174-9A2D9353CB17}.Debug|x64.ActiveCfg = Debug|x64
		{08C73034-7D85-3A67-A174-9A2D9353CB17}.Debug|x64.Build.0 = Debug|x64
		{08C73034-7D85-3A67-A174-9A2D9353CB17}.Release|x64.ActiveCfg = Release|x64
		{08C73034-7D85-3A67-A174-9A2D9353CB17}.Release|x64.Build.0 = Release|x64
		{08C73034-7D85-3A67-A174-9A2D9353CB17}.MinSizeRel|x64.ActiveCfg = MinSizeRel|x64
		{08C73034-7D85-3A67-A174-9A2D9353CB17}.MinSizeRel|x64.Build.0 = MinSizeRel|x64
		{08C73034-7D85-3A67-A174-9A2D9353CB17}.RelWithDebInfo|x64.ActiveCfg = RelWithDebInfo|x64
		{08C73034-7D85-3A67-A174-9A2D9353CB17}.RelWithDebInfo|x64.Build.0 = RelWithDebInfo|x64
		{98B1E6A8-C281-3309-82D8-C8B48F4D82FD}.Debug|x64.ActiveCfg = Debug|x64
		{98B1E6A8-C281-3309-82D8-C8B48F4D82FD}.Debug|x64.Build.0 = Debug|x64
		{98B1E6A8-C281-3309-82D8-C8B48F4D82FD}.Release|x64.ActiveCfg = Release|x64
		{98B1E6A8-C281-3309-82D8-C8B48F4D82FD}.Release|x64.Build.0 = Release|x64
		{98B1E6A8-C281-3309-82D8-C8B48F4D82FD}.MinSizeRel|x64.ActiveCfg = MinSizeRel|x64
		{98B1E6A8-C281-3309-82D8-C8B48F4D82FD}.MinSizeRel|x64.Build.0 = MinSizeRel|x64
		{98B1E6A8-C281-3309-82D8-C8B48F4D82FD}.RelWithDebInfo|x64.ActiveCfg = RelWithDebInfo|x64
		{98B1E6A8-C281-3309-82D8-C8B48F4D82FD}.RelWithDebInfo|x64.Build.0 = RelWithDebInfo|x64
		{E446137B-F2DB-3B9E-ABCB-D6EE5D01645D}.Debug|x64.ActiveCfg = Debug|x64
		{E446137B-F2DB-3B9E-ABCB-D6EE5D01645D}.Debug|x64.Build.0 = Debug|x64
		{E446137B-F2DB-3B9E-ABCB-D6EE5D01645D}.Release|x64.ActiveCfg = Release|x64
		{E446137B-F2DB-3B9E-ABCB-D6EE5D01645D}.Release|x64.Build.0 = Release|x64
		{E446137B-F2DB-3B9E-ABCB-D6EE5D01645D}.MinSizeRel|x64.ActiveCfg = MinSizeRel|x64
		{E446137B-F2DB-3B9E-ABCB-D6EE5D01645D}.MinSizeRel|x64.Build.0 = MinSizeRel|x64
		{E446137B-F2DB-3B9E-ABCB-D6EE5D01645D}.RelWithDebInfo|x64.ActiveCfg = RelWithDebInfo|x64
		{E446137B-F2DB-3B9E-ABCB-D6EE5D01645D}.RelWithDebInfo|x64.Build.0 = RelWithDebInfo|x64
		{BEDF9A84-D9C4-315A-B896-2FE120D3687D}.Debug|x64.ActiveCfg = Debug|x64
		{BEDF9A84-D9C4-315A-B896-2FE120D3687D}.Debug|x64.Build.0 = Debug|x64
		{BEDF9A84-D9C4-315A-B896-2FE120D3687D}.Release|x64.ActiveCfg = Release|x64
		{BEDF9A84-D9C4-315A-B896-2FE120D3687D}.Release|x64.Build.0 = Release|x64
		{BEDF9A84-D9C4-315A-B896-2FE120D3687D}.MinSizeRel|x64.ActiveCfg = MinSizeRel|x64
		{BEDF9A84-D9C4-315A-B896-2FE120D3687D}.MinSizeRel|x64.Build.0 = MinSizeRel|x64
		{BEDF9A84-D9C4-315A-B896-2FE120D3687D}.RelWithDebInfo|x64.ActiveCfg = RelWithDebInfo|x64
		{BEDF9A84-D9C4-315A-B896-2FE120D3687D}.RelWithDebInfo|x64.Build.0 = RelWithDebInfo|x64
	EndGlobalSection
	GlobalSection(ExtensibilityGlobals) = postSolution
		SolutionGuid = {55A53E6C-EE2D-30BB-A31A-A7530FD2CE48}
	EndGlobalSection
	GlobalSection(ExtensibilityAddIns) = postSolution
	EndGlobalSection
EndGlobal
